// !$*UTF8*$!
{
	archiveVersion = 1;
	classes = {
	};
	objectVersion = 50;
	objects = {

/* Begin PBXBuildFile section */
		BC21B44B210EE63800B6124D /* Other.storyboard in Resources */ = {isa = PBXBuildFile; fileRef = BC21B44A210EE63800B6124D /* Other.storyboard */; };
		BC21B44D210EFFD500B6124D /* AddViewController.swift in Sources */ = {isa = PBXBuildFile; fileRef = BC21B44C210EFFD500B6124D /* AddViewController.swift */; };
		BC61ECE621094C980051483A /* AppDelegate.swift in Sources */ = {isa = PBXBuildFile; fileRef = BC61ECE521094C980051483A /* AppDelegate.swift */; };
		BC61ECE821094C980051483A /* ViewController.swift in Sources */ = {isa = PBXBuildFile; fileRef = BC61ECE721094C980051483A /* ViewController.swift */; };
		BC61ECEB21094C980051483A /* Main.storyboard in Resources */ = {isa = PBXBuildFile; fileRef = BC61ECE921094C980051483A /* Main.storyboard */; };
		BC61ECED21094C9A0051483A /* Assets.xcassets in Resources */ = {isa = PBXBuildFile; fileRef = BC61ECEC21094C9A0051483A /* Assets.xcassets */; };
		BC61ECF021094C9A0051483A /* LaunchScreen.storyboard in Resources */ = {isa = PBXBuildFile; fileRef = BC61ECEE21094C9A0051483A /* LaunchScreen.storyboard */; };
		BC61ECF82109533C0051483A /* LeftViewController.swift in Sources */ = {isa = PBXBuildFile; fileRef = BC61ECF72109533C0051483A /* LeftViewController.swift */; };
		BC61ECFA2109534B0051483A /* RightViewController.swift in Sources */ = {isa = PBXBuildFile; fileRef = BC61ECF92109534B0051483A /* RightViewController.swift */; };
/* End PBXBuildFile section */

/* Begin PBXFileReference section */
		BC21B44A210EE63800B6124D /* Other.storyboard */ = {isa = PBXFileReference; lastKnownFileType = file.storyboard; path = Other.storyboard; sourceTree = "<group>"; };
		BC21B44C210EFFD500B6124D /* AddViewController.swift */ = {isa = PBXFileReference; lastKnownFileType = sourcecode.swift; path = AddViewController.swift; sourceTree = "<group>"; };
		BC61ECE221094C980051483A /* TestScrollViewAndContainerView.app */ = {isa = PBXFileReference; explicitFileType = wrapper.application; includeInIndex = 0; path = TestScrollViewAndContainerView.app; sourceTree = BUILT_PRODUCTS_DIR; };
		BC61ECE521094C980051483A /* AppDelegate.swift */ = {isa = PBXFileReference; lastKnownFileType = sourcecode.swift; path = AppDelegate.swift; sourceTree = "<group>"; };
		BC61ECE721094C980051483A /* ViewController.swift */ = {isa = PBXFileReference; lastKnownFileType = sourcecode.swift; path = ViewController.swift; sourceTree = "<group>"; };
		BC61ECEA21094C980051483A /* Base */ = {isa = PBXFileReference; lastKnownFileType = file.storyboard; name = Base; path = Base.lproj/Main.storyboard; sourceTree = "<group>"; };
		BC61ECEC21094C9A0051483A /* Assets.xcassets */ = {isa = PBXFileReference; lastKnownFileType = folder.assetcatalog; path = Assets.xcassets; sourceTree = "<group>"; };
		BC61ECEF21094C9A0051483A /* Base */ = {isa = PBXFileReference; lastKnownFileType = file.storyboard; name = Base; path = Base.lproj/LaunchScreen.storyboard; sourceTree = "<group>"; };
		BC61ECF121094C9A0051483A /* Info.plist */ = {isa = PBXFileReference; lastKnownFileType = text.plist.xml; path = Info.plist; sourceTree = "<group>"; };
		BC61ECF72109533C0051483A /* LeftViewController.swift */ = {isa = PBXFileReference; lastKnownFileType = sourcecode.swift; path = LeftViewController.swift; sourceTree = "<group>"; };
		BC61ECF92109534B0051483A /* RightViewController.swift */ = {isa = PBXFileReference; lastKnownFileType = sourcecode.swift; path = RightViewController.swift; sourceTree = "<group>"; };
/* End PBXFileReference section */

/* Begin PBXFrameworksBuildPhase section */
		BC61ECDF21094C980051483A /* Frameworks */ = {
			isa = PBXFrameworksBuildPhase;
			buildActionMask = 2147483647;
			files = (
			);
			runOnlyForDeploymentPostprocessing = 0;
		};
/* End PBXFrameworksBuildPhase section */

/* Begin PBXGroup section */
		BC61ECD921094C980051483A = {
			isa = PBXGroup;
			children = (
				BC61ECE421094C980051483A /* TestScrollViewAndContainerView */,
				BC61ECE321094C980051483A /* Products */,
			);
			sourceTree = "<group>";
		};
		BC61ECE321094C980051483A /* Products */ = {
			isa = PBXGroup;
			children = (
				BC61ECE221094C980051483A /* TestScrollViewAndContainerView.app */,
			);
			name = Products;
			sourceTree = "<group>";
		};
		BC61ECE421094C980051483A /* TestScrollViewAndContainerView */ = {
			isa = PBXGroup;
			children = (
				BC61ECE521094C980051483A /* AppDelegate.swift */,
				BC61ECE721094C980051483A /* ViewController.swift */,
				BC61ECF72109533C0051483A /* LeftViewController.swift */,
				BC61ECF92109534B0051483A /* RightViewController.swift */,
				BC21B44C210EFFD500B6124D /* AddViewController.swift */,
				BC61ECE921094C980051483A /* Main.storyboard */,
				BC21B44A210EE63800B6124D /* Other.storyboard */,
				BC61ECEC21094C9A0051483A /* Assets.xcassets */,
				BC61ECEE21094C9A0051483A /* LaunchScreen.storyboard */,
				BC61ECF121094C9A0051483A /* Info.plist */,
			);
			path = TestScrollViewAndContainerView;
			sourceTree = "<group>";
		};
/* End PBXGroup section */

/* Begin PBXNativeTarget section */
		BC61ECE121094C980051483A /* TestScrollViewAndContainerView */ = {
			isa = PBXNativeTarget;
			buildConfigurationList = BC61ECF421094C9A0051483A /* Build configuration list for PBXNativeTarget "TestScrollViewAndContainerView" */;
			buildPhases = (
				BC61ECDE21094C980051483A /* Sources */,
				BC61ECDF21094C980051483A /* Frameworks */,
				BC61ECE021094C980051483A /* Resources */,
			);
			buildRules = (
			);
			dependencies = (
			);
			name = TestScrollViewAndContainerView;
			productName = TestScrollViewAndContainerView;
			productReference = BC61ECE221094C980051483A /* TestScrollViewAndContainerView.app */;
			productType = "com.apple.product-type.application";
		};
/* End PBXNativeTarget section */

/* Begin PBXProject section */
		BC61ECDA21094C980051483A /* Project object */ = {
			isa = PBXProject;
			attributes = {
				LastSwiftUpdateCheck = 0940;
				LastUpgradeCheck = 0940;
				ORGANIZATIONNAME = clint;
				TargetAttributes = {
					BC61ECE121094C980051483A = {
						CreatedOnToolsVersion = 9.4.1;
					};
				};
			};
			buildConfigurationList = BC61ECDD21094C980051483A /* Build configuration list for PBXProject "TestScrollViewAndContainerView" */;
			compatibilityVersion = "Xcode 9.3";
			developmentRegion = en;
			hasScannedForEncodings = 0;
			knownRegions = (
				en,
				Base,
			);
			mainGroup = BC61ECD921094C980051483A;
			productRefGroup = BC61ECE321094C980051483A /* Products */;
			projectDirPath = "";
			projectRoot = "";
			targets = (
				BC61ECE121094C980051483A /* TestScrollViewAndContainerView */,
			);
		};
/* End PBXProject section */

/* Begin PBXResourcesBuildPhase section */
		BC61ECE021094C980051483A /* Resources */ = {
			isa = PBXResourcesBuildPhase;
			buildActionMask = 2147483647;
			files = (
				BC61ECF021094C9A0051483A /* LaunchScreen.storyboard in Resources */,
				BC21B44B210EE63800B6124D /* Other.storyboard in Resources */,
				BC61ECED21094C9A0051483A /* Assets.xcassets in Resources */,
				BC61ECEB21094C980051483A /* Main.storyboard in Resources */,
			);
			runOnlyForDeploymentPostprocessing = 0;
		};
/* End PBXResourcesBuildPhase section */

/* Begin PBXSourcesBuildPhase section */
		BC61ECDE21094C980051483A /* Sources */ = {
			isa = PBXSourcesBuildPhase;
			buildActionMask = 2147483647;
			files = (
				BC21B44D210EFFD500B6124D /* AddViewController.swift in Sources */,
				BC61ECF82109533C0051483A /* LeftViewController.swift in Sources */,
				BC61ECFA2109534B0051483A /* RightViewController.swift in Sources */,
				BC61ECE821094C980051483A /* ViewController.swift in Sources */,
				BC61ECE621094C980051483A /* AppDelegate.swift in Sources */,
			);
			runOnlyForDeploymentPostprocessing = 0;
		};
/* End PBXSourcesBuildPhase section */

/* Begin PBXVariantGroup section */
		BC61ECE921094C980051483A /* Main.storyboard */ = {
			isa = PBXVariantGroup;
			children = (
				BC61ECEA21094C980051483A /* Base */,
			);
			name = Main.storyboard;
			sourceTree = "<group>";
		};
		BC61ECEE21094C9A0051483A /* LaunchScreen.storyboard */ = {
			isa = PBXVariantGroup;
			children = (
				BC61ECEF21094C9A0051483A /* Base */,
			);
			name = LaunchScreen.storyboard;
			sourceTree = "<group>";
		};
/* End PBXVariantGroup section */

/* Begin XCBuildConfiguration section */
		BC61ECF221094C9A0051483A /* Debug */ = {
			isa = XCBuildConfiguration;
			buildSettings = {
				ALWAYS_SEARCH_USER_PATHS = NO;
				CLANG_ANALYZER_NONNULL = YES;
				CLANG_ANALYZER_NUMBER_OBJECT_CONVERSION = YES_AGGRESSIVE;
				CLANG_CXX_LANGUAGE_STANDARD = "gnu++14";
				CLANG_CXX_LIBRARY = "libc++";
				CLANG_ENABLE_MODULES = YES;
				CLANG_ENABLE_OBJC_ARC = YES;
				CLANG_ENABLE_OBJC_WEAK = YES;
				CLANG_WARN_BLOCK_CAPTURE_AUTORELEASING = YES;
				CLANG_WARN_BOOL_CONVERSION = YES;
				CLANG_WARN_COMMA = YES;
				CLANG_WARN_CONSTANT_CONVERSION = YES;
				CLANG_WARN_DEPRECATED_OBJC_IMPLEMENTATIONS = YES;
				CLANG_WARN_DIRECT_OBJC_ISA_USAGE = YES_ERROR;
				CLANG_WARN_DOCUMENTATION_COMMENTS = YES;
				CLANG_WARN_EMPTY_BODY = YES;
				CLANG_WARN_ENUM_CONVERSION = YES;
				CLANG_WARN_INFINITE_RECURSION = YES;
				CLANG_WARN_INT_CONVERSION = YES;
				CLANG_WARN_NON_LITERAL_NULL_CONVERSION = YES;
				CLANG_WARN_OBJC_IMPLICIT_RETAIN_SELF = YES;
				CLANG_WARN_OBJC_LITERAL_CONVERSION = YES;
				CLANG_WARN_OBJC_ROOT_CLASS = YES_ERROR;
				CLANG_WARN_RANGE_LOOP_ANALYSIS = YES;
				CLANG_WARN_STRICT_PROTOTYPES = YES;
				CLANG_WARN_SUSPICIOUS_MOVE = YES;
				CLANG_WARN_UNGUARDED_AVAILABILITY = YES_AGGRESSIVE;
				CLANG_WARN_UNREACHABLE_CODE = YES;
				CLANG_WARN__DUPLICATE_METHOD_MATCH = YES;
				CODE_SIGN_IDENTITY = "iPhone Developer";
				COPY_PHASE_STRIP = NO;
				DEBUG_INFORMATION_FORMAT = dwarf;
				ENABLE_STRICT_OBJC_MSGSEND = YES;
				ENABLE_TESTABILITY = YES;
				GCC_C_LANGUAGE_STANDARD = gnu11;
				GCC_DYNAMIC_NO_PIC = NO;
				GCC_NO_COMMON_BLOCKS = YES;
				GCC_OPTIMIZATION_LEVEL = 0;
				GCC_PREPROCESSOR_DEFINITIONS = (
					"DEBUG=1",
					"$(inherited)",
				);
				GCC_WARN_64_TO_32_BIT_CONVERSION = YES;
				GCC_WARN_ABOUT_RETURN_TYPE = YES_ERROR;
				GCC_WARN_UNDECLARED_SELECTOR = YES;
				GCC_WARN_UNINITIALIZED_AUTOS = YES_AGGRESSIVE;
				GCC_WARN_UNUSED_FUNCTION = YES;
				GCC_WARN_UNUSED_VARIABLE = YES;
				IPHONEOS_DEPLOYMENT_TARGET = 11.4;
				MTL_ENABLE_DEBUG_INFO = YES;
				ONLY_ACTIVE_ARCH = YES;
				SDKROOT = iphoneos;
				SWIFT_ACTIVE_COMPILATION_CONDITIONS = DEBUG;
				SWIFT_OPTIMIZATION_LEVEL = "-Onone";
			};
			name = Debug;
		};
		BC61ECF321094C9A0051483A /* Release */ = {
			isa = XCBuildConfiguration;
			buildSettings = {
				ALWAYS_SEARCH_USER_PATHS = NO;
				CLANG_ANALYZER_NONNULL = YES;
				CLANG_ANALYZER_NUMBER_OBJECT_CONVERSION = YES_AGGRESSIVE;
				CLANG_CXX_LANGUAGE_STANDARD = "gnu++14";
				CLANG_CXX_LIBRARY = "libc++";
				CLANG_ENABLE_MODULES = YES;
				CLANG_ENABLE_OBJC_ARC = YES;
				CLANG_ENABLE_OBJC_WEAK = YES;
				CLANG_WARN_BLOCK_CAPTURE_AUTORELEASING = YES;
				CLANG_WARN_BOOL_CONVERSION = YES;
				CLANG_WARN_COMMA = YES;
				CLANG_WARN_CONSTANT_CONVERSION = YES;
				CLANG_WARN_DEPRECATED_OBJC_IMPLEMENTATIONS = YES;
				CLANG_WARN_DIRECT_OBJC_ISA_USAGE = YES_ERROR;
				CLANG_WARN_DOCUMENTATION_COMMENTS = YES;
				CLANG_WARN_EMPTY_BODY = YES;
				CLANG_WARN_ENUM_CONVERSION = YES;
				CLANG_WARN_INFINITE_RECURSION = YES;
				CLANG_WARN_INT_CONVERSION = YES;
				CLANG_WARN_NON_LITERAL_NULL_CONVERSION = YES;
				CLANG_WARN_OBJC_IMPLICIT_RETAIN_SELF = YES;
				CLANG_WARN_OBJC_LITERAL_CONVERSION = YES;
				CLANG_WARN_OBJC_ROOT_CLASS = YES_ERROR;
				CLANG_WARN_RANGE_LOOP_ANALYSIS = YES;
				CLANG_WARN_STRICT_PROTOTYPES = YES;
				CLANG_WARN_SUSPICIOUS_MOVE = YES;
				CLANG_WARN_UNGUARDED_AVAILABILITY = YES_AGGRESSIVE;
				CLANG_WARN_UNREACHABLE_CODE = YES;
				CLANG_WARN__DUPLICATE_METHOD_MATCH = YES;
				CODE_SIGN_IDENTITY = "iPhone Developer";
				COPY_PHASE_STRIP = NO;
				DEBUG_INFORMATION_FORMAT = "dwarf-with-dsym";
				ENABLE_NS_ASSERTIONS = NO;
				ENABLE_STRICT_OBJC_MSGSEND = YES;
				GCC_C_LANGUAGE_STANDARD = gnu11;
				GCC_NO_COMMON_BLOCKS = YES;
				GCC_WARN_64_TO_32_BIT_CONVERSION = YES;
				GCC_WARN_ABOUT_RETURN_TYPE = YES_ERROR;
				GCC_WARN_UNDECLARED_SELECTOR = YES;
				GCC_WARN_UNINITIALIZED_AUTOS = YES_AGGRESSIVE;
				GCC_WARN_UNUSED_FUNCTION = YES;
				GCC_WARN_UNUSED_VARIABLE = YES;
				IPHONEOS_DEPLOYMENT_TARGET = 11.4;
				MTL_ENABLE_DEBUG_INFO = NO;
				SDKROOT = iphoneos;
				SWIFT_COMPILATION_MODE = wholemodule;
				SWIFT_OPTIMIZATION_LEVEL = "-O";
				VALIDATE_PRODUCT = YES;
			};
			name = Release;
		};
		BC61ECF521094C9A0051483A /* Debug */ = {
			isa = XCBuildConfiguration;
			buildSettings = {
				ASSETCATALOG_COMPILER_APPICON_NAME = AppIcon;
				CODE_SIGN_STYLE = Automatic;
				DEVELOPMENT_TEAM = Y72B7R5K2B;
				INFOPLIST_FILE = TestScrollViewAndContainerView/Info.plist;
				IPHONEOS_DEPLOYMENT_TARGET = 11.0;
				LD_RUNPATH_SEARCH_PATHS = (
					"$(inherited)",
					"@executable_path/Frameworks",
				);
				PRODUCT_BUNDLE_IDENTIFIER = com.clinjang.test.TestScrollViewAndContainerView;
				PRODUCT_NAME = "$(TARGET_NAME)";
				SWIFT_VERSION = 4.2;
				TARGETED_DEVICE_FAMILY = "1,2";
			};
			name = Debug;
		};
		BC61ECF621094C9A0051483A /* Release */ = {
			isa = XCBuildConfiguration;
			buildSettings = {
				ASSETCATALOG_COMPILER_APPICON_NAME = AppIcon;
				CODE_SIGN_STYLE = Automatic;
				DEVELOPMENT_TEAM = Y72B7R5K2B;
				INFOPLIST_FILE = TestScrollViewAndContainerView/Info.plist;
				IPHONEOS_DEPLOYMENT_TARGET = 11.0;
				LD_RUNPATH_SEARCH_PATHS = (
					"$(inherited)",
					"@executable_path/Frameworks",
				);
				PRODUCT_BUNDLE_IDENTIFIER = com.clinjang.test.TestScrollViewAndContainerView;
				PRODUCT_NAME = "$(TARGET_NAME)";
				SWIFT_VERSION = 4.2;
				TARGETED_DEVICE_FAMILY = "1,2";
			};
			name = Release;
		};
/* End XCBuildConfiguration section */

/* Begin XCConfigurationList section */
		BC61ECDD21094C980051483A /* Build configuration list for PBXProject "TestScrollViewAndContainerView" */ = {
			isa = XCConfigurationList;
			buildConfigurations = (
				BC61ECF221094C9A0051483A /* Debug */,
				BC61ECF321094C9A0051483A /* Release */,
			);
			defaultConfigurationIsVisible = 0;
			defaultConfigurationName = Release;
		};
		BC61ECF421094C9A0051483A /* Build configuration list for PBXNativeTarget "TestScrollViewAndContainerView" */ = {
			isa = XCConfigurationList;
			buildConfigurations = (
				BC61ECF521094C9A0051483A /* Debug */,
				BC61ECF621094C9A0051483A /* Release */,
			);
			defaultConfigurationIsVisible = 0;
			defaultConfigurationName = Release;
		};
/* End XCConfigurationList section */
	};
	rootObject = BC61ECDA21094C980051483A /* Project object */;
}
